lockfileVersion: 5.3

specifiers:
  picocolors: ^1.0.0
  puppeteer-jquery: link:..

dependencies:
  picocolors: 1.0.0
  puppeteer-jquery: link:..

packages:

  /picocolors/1.0.0:
    resolution: {integrity: sha512-1fygroTLlHu66zi26VoTDv8yRgm0Fccecssto+MhsZ0D/DGW2sm8E8AjW7NU5VVTRt5GxbeZ5qBuJr+HyLYkjQ==}
    dev: false
